
Microsoft Visual Studio Solution File, Format Version 12.00
# Visual Studio 15
VisualStudioVersion = 15.0.26228.4
MinimumVisualStudioVersion = 10.0.40219.1
Project("{FAE04EC0-301F-11D3-BF4B-00C04F79EFBC}") = "AlikBot.Core", "AlikBot.Core\AlikBot.Core.csproj", "{992B5A23-30C6-42D4-9639-7EF48C42672B}"
EndProject
Project("{FAE04EC0-301F-11D3-BF4B-00C04F79EFBC}") = "AlikBot.Telegram", "AlikBot.Telegram\AlikBot.Telegram.csproj", "{6E16FFFB-D11B-4B25-9EB4-3FD6E6399EF5}"
EndProject
Global
	GlobalSection(SolutionConfigurationPlatforms) = preSolution
		Debug|Any CPU = Debug|Any CPU
		Release|Any CPU = Release|Any CPU
	EndGlobalSection
	GlobalSection(ProjectConfigurationPlatforms) = postSolution
		{992B5A23-30C6-42D4-9639-7EF48C42672B}.Debug|Any CPU.ActiveCfg = Debug|Any CPU
		{992B5A23-30C6-42D4-9639-7EF48C42672B}.Debug|Any CPU.Build.0 = Debug|Any CPU
		{992B5A23-30C6-42D4-9639-7EF48C42672B}.Release|Any CPU.ActiveCfg = Release|Any CPU
		{992B5A23-30C6-42D4-9639-7EF48C42672B}.Release|Any CPU.Build.0 = Release|Any CPU
		{6E16FFFB-D11B-4B25-9EB4-3FD6E6399EF5}.Debug|Any CPU.ActiveCfg = Debug|Any CPU
		{6E16FFFB-D11B-4B25-9EB4-3FD6E6399EF5}.Debug|Any CPU.Build.0 = Debug|Any CPU
		{6E16FFFB-D11B-4B25-9EB4-3FD6E6399EF5}.Release|Any CPU.ActiveCfg = Release|Any CPU
		{6E16FFFB-D11B-4B25-9EB4-3FD6E6399EF5}.Release|Any CPU.Build.0 = Release|Any CPU
	EndGlobalSection
	GlobalSection(SolutionProperties) = preSolution
		HideSolutionNode = FALSE
	EndGlobalSection
EndGlobal
